
Microsoft Visual Studio Solution File, Format Version 12.00
# Visual Studio Version 18
VisualStudioVersion = 18.0.11205.157 d18.0
MinimumVisualStudioVersion = 10.0.40219.1
Project("{FAE04EC0-301F-11D3-BF4B-00C04F79EFBC}") = "DurakGame", "DurakGame\DurakGame.csproj", "{DADA4F0E-6F15-4093-A6D6-D018521D8950}"
EndProject
Global
	GlobalSection(SolutionConfigurationPlatforms) = preSolution
		Debug|Any CPU = Debug|Any CPU
		Release|Any CPU = Release|Any CPU
	EndGlobalSection
	GlobalSection(ProjectConfigurationPlatforms) = postSolution
		{DADA4F0E-6F15-4093-A6D6-D018521D8950}.Debug|Any CPU.ActiveCfg = Debug|Any CPU
		{DADA4F0E-6F15-4093-A6D6-D018521D8950}.Debug|Any CPU.Build.0 = Debug|Any CPU
		{DADA4F0E-6F15-4093-A6D6-D018521D8950}.Release|Any CPU.ActiveCfg = Release|Any CPU
		{DADA4F0E-6F15-4093-A6D6-D018521D8950}.Release|Any CPU.Build.0 = Release|Any CPU
	EndGlobalSection
	GlobalSection(SolutionProperties) = preSolution
		HideSolutionNode = FALSE
	EndGlobalSection
	GlobalSection(ExtensibilityGlobals) = postSolution
		SolutionGuid = {912D29E2-F7C1-4607-87A6-B49FE2267374}
	EndGlobalSection
EndGlobal
